
Microsoft Visual Studio Solution File, Format Version 12.00
# Visual Studio 15
VisualStudioVersion = 15.0.28307.421
MinimumVisualStudioVersion = 10.0.40219.1
Project("{FAE04EC0-301F-11D3-BF4B-00C04F79EFBC}") = "server_test", "server_test\server_test.csproj", "{95E2D6ED-1CB7-4DC8-999E-57C33D518001}"
EndProject
Project("{FAE04EC0-301F-11D3-BF4B-00C04F79EFBC}") = "client-test", "client-test\client-test.csproj", "{0988CC9B-BE7B-4ED7-927C-D9C4B625120A}"
EndProject
Global
	GlobalSection(SolutionConfigurationPlatforms) = preSolution
		Debug|Any CPU = Debug|Any CPU
		Release|Any CPU = Release|Any CPU
	EndGlobalSection
	GlobalSection(ProjectConfigurationPlatforms) = postSolution
		{95E2D6ED-1CB7-4DC8-999E-57C33D518001}.Debug|Any CPU.ActiveCfg = Debug|Any CPU
		{95E2D6ED-1CB7-4DC8-999E-57C33D518001}.Debug|Any CPU.Build.0 = Debug|Any CPU
		{95E2D6ED-1CB7-4DC8-999E-57C33D518001}.Release|Any CPU.ActiveCfg = Release|Any CPU
		{95E2D6ED-1CB7-4DC8-999E-57C33D518001}.Release|Any CPU.Build.0 = Release|Any CPU
		{0988CC9B-BE7B-4ED7-927C-D9C4B625120A}.Debug|Any CPU.ActiveCfg = Debug|Any CPU
		{0988CC9B-BE7B-4ED7-927C-D9C4B625120A}.Debug|Any CPU.Build.0 = Debug|Any CPU
		{0988CC9B-BE7B-4ED7-927C-D9C4B625120A}.Release|Any CPU.ActiveCfg = Release|Any CPU
		{0988CC9B-BE7B-4ED7-927C-D9C4B625120A}.Release|Any CPU.Build.0 = Release|Any CPU
	EndGlobalSection
	GlobalSection(SolutionProperties) = preSolution
		HideSolutionNode = FALSE
	EndGlobalSection
	GlobalSection(ExtensibilityGlobals) = postSolution
		SolutionGuid = {1412E7D2-59EB-4543-B3A4-26648B71FEAD}
	EndGlobalSection
EndGlobal
